// !$*UTF8*$!
{
	archiveVersion = 1;
	classes = {
	};
	objectVersion = 46;
	objects = {

/* Begin PBXBuildFile section */
		6E992B951D87E36C00431F8B /* AppDelegate.swift in Sources */ = {isa = PBXBuildFile; fileRef = 6E992B941D87E36C00431F8B /* AppDelegate.swift */; };
		6E992B971D87E36C00431F8B /* ViewController.swift in Sources */ = {isa = PBXBuildFile; fileRef = 6E992B961D87E36C00431F8B /* ViewController.swift */; };
		6E992B9A1D87E36C00431F8B /* Main.storyboard in Resources */ = {isa = PBXBuildFile; fileRef = 6E992B981D87E36C00431F8B /* Main.storyboard */; };
		6E992B9C1D87E36C00431F8B /* Assets.xcassets in Resources */ = {isa = PBXBuildFile; fileRef = 6E992B9B1D87E36C00431F8B /* Assets.xcassets */; };
		6E992B9F1D87E36C00431F8B /* LaunchScreen.storyboard in Resources */ = {isa = PBXBuildFile; fileRef = 6E992B9D1D87E36C00431F8B /* LaunchScreen.storyboard */; };
/* End PBXBuildFile section */

/* Begin PBXFileReference section */
		6E992B911D87E36C00431F8B /* Click Counter.app */ = {isa = PBXFileReference; explicitFileType = wrapper.application; includeInIndex = 0; path = "Click Counter.app"; sourceTree = BUILT_PRODUCTS_DIR; };
		6E992B941D87E36C00431F8B /* AppDelegate.swift */ = {isa = PBXFileReference; lastKnownFileType = sourcecode.swift; path = AppDelegate.swift; sourceTree = "<group>"; };
		6E992B961D87E36C00431F8B /* ViewController.swift */ = {isa = PBXFileReference; lastKnownFileType = sourcecode.swift; path = ViewController.swift; sourceTree = "<group>"; };
		6E992B991D87E36C00431F8B /* Base */ = {isa = PBXFileReference; lastKnownFileType = file.storyboard; name = Base; path = Base.lproj/Main.storyboard; sourceTree = "<group>"; };
		6E992B9B1D87E36C00431F8B /* Assets.xcassets */ = {isa = PBXFileReference; lastKnownFileType = folder.assetcatalog; path = Assets.xcassets; sourceTree = "<group>"; };
		6E992B9E1D87E36C00431F8B /* Base */ = {isa = PBXFileReference; lastKnownFileType = file.storyboard; name = Base; path = Base.lproj/LaunchScreen.storyboard; sourceTree = "<group>"; };
		6E992BA01D87E36C00431F8B /* Info.plist */ = {isa = PBXFileReference; lastKnownFileType = text.plist.xml; path = Info.plist; sourceTree = "<group>"; };
/* End PBXFileReference section */

/* Begin PBXFrameworksBuildPhase section */
		6E992B8E1D87E36C00431F8B /* Frameworks */ = {
			isa = PBXFrameworksBuildPhase;
			buildActionMask = 2147483647;
			files = (
			);
			runOnlyForDeploymentPostprocessing = 0;
		};
/* End PBXFrameworksBuildPhase section */

/* Begin PBXGroup section */
		6E992B881D87E36C00431F8B = {
			isa = PBXGroup;
			children = (
				6E992B931D87E36C00431F8B /* Click Counter */,
				6E992B921D87E36C00431F8B /* Products */,
			);
			sourceTree = "<group>";
		};
		6E992B921D87E36C00431F8B /* Products */ = {
			isa = PBXGroup;
			children = (
				6E992B911D87E36C00431F8B /* Click Counter.app */,
			);
			name = Products;
			sourceTree = "<group>";
		};
		6E992B931D87E36C00431F8B /* Click Counter */ = {
			isa = PBXGroup;
			children = (
				6E992B941D87E36C00431F8B /* AppDelegate.swift */,
				6E992B961D87E36C00431F8B /* ViewController.swift */,
				6E992B981D87E36C00431F8B /* Main.storyboard */,
				6E992BA61D87E38000431F8B /* Supporting FIles */,
			);
			path = "Click Counter";
			sourceTree = "<group>";
		};
		6E992BA61D87E38000431F8B /* Supporting FIles */ = {
			isa = PBXGroup;
			children = (
				6E992B9B1D87E36C00431F8B /* Assets.xcassets */,
				6E992B9D1D87E36C00431F8B /* LaunchScreen.storyboard */,
				6E992BA01D87E36C00431F8B /* Info.plist */,
			);
			name = "Supporting FIles";
			sourceTree = "<group>";
		};
/* End PBXGroup section */

/* Begin PBXNativeTarget section */
		6E992B901D87E36C00431F8B /* Click Counter */ = {
			isa = PBXNativeTarget;
			buildConfigurationList = 6E992BA31D87E36C00431F8B /* Build configuration list for PBXNativeTarget "Click Counter" */;
			buildPhases = (
				6E992B8D1D87E36C00431F8B /* Sources */,
				6E992B8E1D87E36C00431F8B /* Frameworks */,
				6E992B8F1D87E36C00431F8B /* Resources */,
			);
			buildRules = (
			);
			dependencies = (
			);
			name = "Click Counter";
			productName = "Click Counter";
			productReference = 6E992B911D87E36C00431F8B /* Click Counter.app */;
			productType = "com.apple.product-type.application";
		};
/* End PBXNativeTarget section */

/* Begin PBXProject section */
		6E992B891D87E36C00431F8B /* Project object */ = {
			isa = PBXProject;
			attributes = {
				LastSwiftUpdateCheck = 0730;
				LastUpgradeCheck = 0800;
				ORGANIZATIONNAME = "Baskaran T";
				TargetAttributes = {
					6E992B901D87E36C00431F8B = {
						CreatedOnToolsVersion = 7.3.1;
						DevelopmentTeam = DFE8338JD3;
						LastSwiftMigration = 0800;
					};
				};
			};
			buildConfigurationList = 6E992B8C1D87E36C00431F8B /* Build configuration list for PBXProject "Click Counter" */;
			compatibilityVersion = "Xcode 3.2";
			developmentRegion = English;
			hasScannedForEncodings = 0;
			knownRegions = (
				en,
				Base,
			);
			mainGroup = 6E992B881D87E36C00431F8B;
			productRefGroup = 6E992B921D87E36C00431F8B /* Products */;
			projectDirPath = "";
			projectRoot = "";
			targets = (
				6E992B901D87E36C00431F8B /* Click Counter */,
			);
		};
/* End PBXProject section */

/* Begin PBXResourcesBuildPhase section */
		6E992B8F1D87E36C00431F8B /* Resources */ = {
			isa = PBXResourcesBuildPhase;
			buildActionMask = 2147483647;
			files = (
				6E992B9F1D87E36C00431F8B /* LaunchScreen.storyboard in Resources */,
				6E992B9C1D87E36C00431F8B /* Assets.xcassets in Resources */,
				6E992B9A1D87E36C00431F8B /* Main.storyboard in Resources */,
			);
			runOnlyForDeploymentPostprocessing = 0;
		};
/* End PBXResourcesBuildPhase section */

/* Begin PBXSourcesBuildPhase section */
		6E992B8D1D87E36C00431F8B /* Sources */ = {
			isa = PBXSourcesBuildPhase;
			buildActionMask = 2147483647;
			files = (
				6E992B971D87E36C00431F8B /* ViewController.swift in Sources */,
				6E992B951D87E36C00431F8B /* AppDelegate.swift in Sources */,
			);
			runOnlyForDeploymentPostprocessing = 0;
		};
/* End PBXSourcesBuildPhase section */

/* Begin PBXVariantGroup section */
		6E992B981D87E36C00431F8B /* Main.storyboard */ = {
			isa = PBXVariantGroup;
			children = (
				6E992B991D87E36C00431F8B /* Base */,
			);
			name = Main.storyboard;
			sourceTree = "<group>";
		};
		6E992B9D1D87E36C00431F8B /* LaunchScreen.storyboard */ = {
			isa = PBXVariantGroup;
			children = (
				6E992B9E1D87E36C00431F8B /* Base */,
			);
			name = LaunchScreen.storyboard;
			sourceTree = "<group>";
		};
/* End PBXVariantGroup section */

/* Begin XCBuildConfiguration section */
		6E992BA11D87E36C00431F8B /* Debug */ = {
			isa = XCBuildConfiguration;
			buildSettings = {
				ALWAYS_SEARCH_USER_PATHS = NO;
				CLANG_ANALYZER_NONNULL = YES;
				CLANG_CXX_LANGUAGE_STANDARD = "gnu++0x";
				CLANG_CXX_LIBRARY = "libc++";
				CLANG_ENABLE_MODULES = YES;
				CLANG_ENABLE_OBJC_ARC = YES;
				CLANG_WARN_BOOL_CONVERSION = YES;
				CLANG_WARN_CONSTANT_CONVERSION = YES;
				CLANG_WARN_DIRECT_OBJC_ISA_USAGE = YES_ERROR;
				CLANG_WARN_EMPTY_BODY = YES;
				CLANG_WARN_ENUM_CONVERSION = YES;
				CLANG_WARN_INFINITE_RECURSION = YES;
				CLANG_WARN_INT_CONVERSION = YES;
				CLANG_WARN_OBJC_ROOT_CLASS = YES_ERROR;
				CLANG_WARN_SUSPICIOUS_MOVE = YES;
				CLANG_WARN_UNREACHABLE_CODE = YES;
				CLANG_WARN__DUPLICATE_METHOD_MATCH = YES;
				"CODE_SIGN_IDENTITY[sdk=iphoneos*]" = "iPhone Developer";
				COPY_PHASE_STRIP = NO;
				DEBUG_INFORMATION_FORMAT = dwarf;
				ENABLE_STRICT_OBJC_MSGSEND = YES;
				ENABLE_TESTABILITY = YES;
				GCC_C_LANGUAGE_STANDARD = gnu99;
				GCC_DYNAMIC_NO_PIC = NO;
				GCC_NO_COMMON_BLOCKS = YES;
				GCC_OPTIMIZATION_LEVEL = 0;
				GCC_PREPROCESSOR_DEFINITIONS = (
					"DEBUG=1",
					"$(inherited)",
				);
				GCC_WARN_64_TO_32_BIT_CONVERSION = YES;
				GCC_WARN_ABOUT_RETURN_TYPE = YES_ERROR;
				GCC_WARN_UNDECLARED_SELECTOR = YES;
				GCC_WARN_UNINITIALIZED_AUTOS = YES_AGGRESSIVE;
				GCC_WARN_UNUSED_FUNCTION = YES;
				GCC_WARN_UNUSED_VARIABLE = YES;
				IPHONEOS_DEPLOYMENT_TARGET = 9.3;
				MTL_ENABLE_DEBUG_INFO = YES;
				ONLY_ACTIVE_ARCH = YES;
				SDKROOT = iphoneos;
				SWIFT_OPTIMIZATION_LEVEL = "-Onone";
			};
			name = Debug;
		};
		6E992BA21D87E36C00431F8B /* Release */ = {
			isa = XCBuildConfiguration;
			buildSettings = {
				ALWAYS_SEARCH_USER_PATHS = NO;
				CLANG_ANALYZER_NONNULL = YES;
				CLANG_CXX_LANGUAGE_STANDARD = "gnu++0x";
				CLANG_CXX_LIBRARY = "libc++";
				CLANG_ENABLE_MODULES = YES;
				CLANG_ENABLE_OBJC_ARC = YES;
				CLANG_WARN_BOOL_CONVERSION = YES;
				CLANG_WARN_CONSTANT_CONVERSION = YES;
				CLANG_WARN_DIRECT_OBJC_ISA_USAGE = YES_ERROR;
				CLANG_WARN_EMPTY_BODY = YES;
				CLANG_WARN_ENUM_CONVERSION = YES;
				CLANG_WARN_INFINITE_RECURSION = YES;
				CLANG_WARN_INT_CONVERSION = YES;
				CLANG_WARN_OBJC_ROOT_CLASS = YES_ERROR;
				CLANG_WARN_SUSPICIOUS_MOVE = YES;
				CLANG_WARN_UNREACHABLE_CODE = YES;
				CLANG_WARN__DUPLICATE_METHOD_MATCH = YES;
				"CODE_SIGN_IDENTITY[sdk=iphoneos*]" = "iPhone Developer";
				COPY_PHASE_STRIP = NO;
				DEBUG_INFORMATION_FORMAT = "dwarf-with-dsym";
				ENABLE_NS_ASSERTIONS = NO;
				ENABLE_STRICT_OBJC_MSGSEND = YES;
				GCC_C_LANGUAGE_STANDARD = gnu99;
				GCC_NO_COMMON_BLOCKS = YES;
				GCC_WARN_64_TO_32_BIT_CONVERSION = YES;
				GCC_WARN_ABOUT_RETURN_TYPE = YES_ERROR;
				GCC_WARN_UNDECLARED_SELECTOR = YES;
				GCC_WARN_UNINITIALIZED_AUTOS = YES_AGGRESSIVE;
				GCC_WARN_UNUSED_FUNCTION = YES;
				GCC_WARN_UNUSED_VARIABLE = YES;
				IPHONEOS_DEPLOYMENT_TARGET = 9.3;
				MTL_ENABLE_DEBUG_INFO = NO;
				SDKROOT = iphoneos;
				SWIFT_OPTIMIZATION_LEVEL = "-Owholemodule";
				VALIDATE_PRODUCT = YES;
			};
			name = Release;
		};
		6E992BA41D87E36C00431F8B /* Debug */ = {
			isa = XCBuildConfiguration;
			buildSettings = {
				ASSETCATALOG_COMPILER_APPICON_NAME = AppIcon;
				INFOPLIST_FILE = "Click Counter/Info.plist";
				LD_RUNPATH_SEARCH_PATHS = "$(inherited) @executable_path/Frameworks";
				PRODUCT_BUNDLE_IDENTIFIER = "com.boss.Click-Counter";
				PRODUCT_NAME = "$(TARGET_NAME)";
				SWIFT_VERSION = 3.0;
			};
			name = Debug;
		};
		6E992BA51D87E36C00431F8B /* Release */ = {
			isa = XCBuildConfiguration;
			buildSettings = {
				ASSETCATALOG_COMPILER_APPICON_NAME = AppIcon;
				INFOPLIST_FILE = "Click Counter/Info.plist";
				LD_RUNPATH_SEARCH_PATHS = "$(inherited) @executable_path/Frameworks";
				PRODUCT_BUNDLE_IDENTIFIER = "com.boss.Click-Counter";
				PRODUCT_NAME = "$(TARGET_NAME)";
				SWIFT_VERSION = 3.0;
			};
			name = Release;
		};
/* End XCBuildConfiguration section */

/* Begin XCConfigurationList section */
		6E992B8C1D87E36C00431F8B /* Build configuration list for PBXProject "Click Counter" */ = {
			isa = XCConfigurationList;
			buildConfigurations = (
				6E992BA11D87E36C00431F8B /* Debug */,
				6E992BA21D87E36C00431F8B /* Release */,
			);
			defaultConfigurationIsVisible = 0;
			defaultConfigurationName = Release;
		};
		6E992BA31D87E36C00431F8B /* Build configuration list for PBXNativeTarget "Click Counter" */ = {
			isa = XCConfigurationList;
			buildConfigurations = (
				6E992BA41D87E36C00431F8B /* Debug */,
				6E992BA51D87E36C00431F8B /* Release */,
			);
			defaultConfigurationIsVisible = 0;
			defaultConfigurationName = Release;
		};
/* End XCConfigurationList section */
	};
	rootObject = 6E992B891D87E36C00431F8B /* Project object */;
}
